# This file is automatically @generated by Wally.
# It is not intended for manual editing.
registry = "test"

[[package]]
name = "data-oriented-house/lemonsignal"
version = "1.10.0"
dependencies = []

[[package]]
name = "ffrostflame/bytenet"
version = "0.4.6"
dependencies = []

[[package]]
name = "teak/hydrogen"
version = "0.1.0"
dependencies = [["bytenet", "ffrostflame/bytenet@0.4.6"], ["lemonsignal", "data-oriented-house/lemonsignal@1.10.0"]]
